
Microsoft Visual Studio Solution File, Format Version 12.00
# Visual Studio Version 16
VisualStudioVersion = 25.0.1706.7
MinimumVisualStudioVersion = 10.0.40219.1
Project("{FAE04EC0-301F-11D3-BF4B-00C04F79EFBC}") = "MovieActorModels", "MovieActorModels\MovieActorModels.csproj", "{0095B26B-00F4-4A63-AE1C-8970B2E75815}"
EndProject
Project("{FAE04EC0-301F-11D3-BF4B-00C04F79EFBC}") = "MovieActorAPI", "MovieActorAPI\MovieActorAPI.csproj", "{31AD6257-3339-419D-AF92-90DB52F94CC2}"
EndProject
Global
	GlobalSection(SolutionConfigurationPlatforms) = preSolution
		Debug|Any CPU = Debug|Any CPU
		Release|Any CPU = Release|Any CPU
	EndGlobalSection
	GlobalSection(ProjectConfigurationPlatforms) = postSolution
		{0095B26B-00F4-4A63-AE1C-8970B2E75815}.Debug|Any CPU.ActiveCfg = Debug|Any CPU
		{0095B26B-00F4-4A63-AE1C-8970B2E75815}.Debug|Any CPU.Build.0 = Debug|Any CPU
		{0095B26B-00F4-4A63-AE1C-8970B2E75815}.Release|Any CPU.ActiveCfg = Release|Any CPU
		{0095B26B-00F4-4A63-AE1C-8970B2E75815}.Release|Any CPU.Build.0 = Release|Any CPU
		{31AD6257-3339-419D-AF92-90DB52F94CC2}.Debug|Any CPU.ActiveCfg = Debug|Any CPU
		{31AD6257-3339-419D-AF92-90DB52F94CC2}.Debug|Any CPU.Build.0 = Debug|Any CPU
		{31AD6257-3339-419D-AF92-90DB52F94CC2}.Release|Any CPU.ActiveCfg = Release|Any CPU
		{31AD6257-3339-419D-AF92-90DB52F94CC2}.Release|Any CPU.Build.0 = Release|Any CPU
	EndGlobalSection
	GlobalSection(SolutionProperties) = preSolution
		HideSolutionNode = FALSE
	EndGlobalSection
	GlobalSection(ExtensibilityGlobals) = postSolution
		SolutionGuid = {8EA3AA84-063B-47B4-905C-FDA0DB939C67}
	EndGlobalSection
EndGlobal
